// !$*UTF8*$!
{
	archiveVersion = 1;
	classes = {
	};
	objectVersion = 46;
	objects = {

/* Begin PBXBuildFile section */
		74F1F4341BD245D4000F5BFB /* SearchFilter.swift in Sources */ = {isa = PBXBuildFile; fileRef = 74F1F4331BD245D4000F5BFB /* SearchFilter.swift */; settings = {ASSET_TAGS = (); }; };
		74F1F4391BD24880000F5BFB /* Main.storyboard in Resources */ = {isa = PBXBuildFile; fileRef = 74F1F4371BD24880000F5BFB /* Main.storyboard */; settings = {ASSET_TAGS = (); }; };
		74F1F43B1BD77B07000F5BFB /* ApiLayer.swift in Sources */ = {isa = PBXBuildFile; fileRef = 74F1F43A1BD77B07000F5BFB /* ApiLayer.swift */; settings = {ASSET_TAGS = (); }; };
		74F1F4411BD8C63E000F5BFB /* HomeController.swift in Sources */ = {isa = PBXBuildFile; fileRef = 74F1F4401BD8C63E000F5BFB /* HomeController.swift */; settings = {ASSET_TAGS = (); }; };
		74F38D371BD232A000B27000 /* AppDelegate.swift in Sources */ = {isa = PBXBuildFile; fileRef = 74F38D361BD232A000B27000 /* AppDelegate.swift */; };
		74F38D391BD232A000B27000 /* ViewController.swift in Sources */ = {isa = PBXBuildFile; fileRef = 74F38D381BD232A000B27000 /* ViewController.swift */; };
		74F38D3E1BD232A000B27000 /* Assets.xcassets in Resources */ = {isa = PBXBuildFile; fileRef = 74F38D3D1BD232A000B27000 /* Assets.xcassets */; };
		74F38D411BD232A000B27000 /* LaunchScreen.storyboard in Resources */ = {isa = PBXBuildFile; fileRef = 74F38D3F1BD232A000B27000 /* LaunchScreen.storyboard */; };
		74F38D4C1BD232A100B27000 /* AuctionExportTests.swift in Sources */ = {isa = PBXBuildFile; fileRef = 74F38D4B1BD232A100B27000 /* AuctionExportTests.swift */; };
		74F38D571BD232A100B27000 /* AuctionExportUITests.swift in Sources */ = {isa = PBXBuildFile; fileRef = 74F38D561BD232A100B27000 /* AuctionExportUITests.swift */; };
/* End PBXBuildFile section */

/* Begin PBXContainerItemProxy section */
		74F38D481BD232A100B27000 /* PBXContainerItemProxy */ = {
			isa = PBXContainerItemProxy;
			containerPortal = 74F38D2B1BD232A000B27000 /* Project object */;
			proxyType = 1;
			remoteGlobalIDString = 74F38D321BD232A000B27000;
			remoteInfo = AuctionExport;
		};
		74F38D531BD232A100B27000 /* PBXContainerItemProxy */ = {
			isa = PBXContainerItemProxy;
			containerPortal = 74F38D2B1BD232A000B27000 /* Project object */;
			proxyType = 1;
			remoteGlobalIDString = 74F38D321BD232A000B27000;
			remoteInfo = AuctionExport;
		};
/* End PBXContainerItemProxy section */

/* Begin PBXFileReference section */
		74F1F4331BD245D4000F5BFB /* SearchFilter.swift */ = {isa = PBXFileReference; fileEncoding = 4; lastKnownFileType = sourcecode.swift; path = SearchFilter.swift; sourceTree = "<group>"; };
		74F1F4381BD24880000F5BFB /* Base */ = {isa = PBXFileReference; lastKnownFileType = file.storyboard; name = Base; path = Base.lproj/Main.storyboard; sourceTree = "<group>"; };
		74F1F43A1BD77B07000F5BFB /* ApiLayer.swift */ = {isa = PBXFileReference; fileEncoding = 4; lastKnownFileType = sourcecode.swift; path = ApiLayer.swift; sourceTree = "<group>"; };
		74F1F4401BD8C63E000F5BFB /* HomeController.swift */ = {isa = PBXFileReference; fileEncoding = 4; lastKnownFileType = sourcecode.swift; path = HomeController.swift; sourceTree = "<group>"; };
		74F38D331BD232A000B27000 /* AuctionExport.app */ = {isa = PBXFileReference; explicitFileType = wrapper.application; includeInIndex = 0; path = AuctionExport.app; sourceTree = BUILT_PRODUCTS_DIR; };
		74F38D361BD232A000B27000 /* AppDelegate.swift */ = {isa = PBXFileReference; lastKnownFileType = sourcecode.swift; path = AppDelegate.swift; sourceTree = "<group>"; };
		74F38D381BD232A000B27000 /* ViewController.swift */ = {isa = PBXFileReference; lastKnownFileType = sourcecode.swift; path = ViewController.swift; sourceTree = "<group>"; };
		74F38D3D1BD232A000B27000 /* Assets.xcassets */ = {isa = PBXFileReference; lastKnownFileType = folder.assetcatalog; path = Assets.xcassets; sourceTree = "<group>"; };
		74F38D401BD232A000B27000 /* Base */ = {isa = PBXFileReference; lastKnownFileType = file.storyboard; name = Base; path = Base.lproj/LaunchScreen.storyboard; sourceTree = "<group>"; };
		74F38D421BD232A000B27000 /* Info.plist */ = {isa = PBXFileReference; lastKnownFileType = text.plist.xml; path = Info.plist; sourceTree = "<group>"; };
		74F38D471BD232A100B27000 /* AuctionExportTests.xctest */ = {isa = PBXFileReference; explicitFileType = wrapper.cfbundle; includeInIndex = 0; path = AuctionExportTests.xctest; sourceTree = BUILT_PRODUCTS_DIR; };
		74F38D4B1BD232A100B27000 /* AuctionExportTests.swift */ = {isa = PBXFileReference; lastKnownFileType = sourcecode.swift; path = AuctionExportTests.swift; sourceTree = "<group>"; };
		74F38D4D1BD232A100B27000 /* Info.plist */ = {isa = PBXFileReference; lastKnownFileType = text.plist.xml; path = Info.plist; sourceTree = "<group>"; };
		74F38D521BD232A100B27000 /* AuctionExportUITests.xctest */ = {isa = PBXFileReference; explicitFileType = wrapper.cfbundle; includeInIndex = 0; path = AuctionExportUITests.xctest; sourceTree = BUILT_PRODUCTS_DIR; };
		74F38D561BD232A100B27000 /* AuctionExportUITests.swift */ = {isa = PBXFileReference; lastKnownFileType = sourcecode.swift; path = AuctionExportUITests.swift; sourceTree = "<group>"; };
		74F38D581BD232A100B27000 /* Info.plist */ = {isa = PBXFileReference; lastKnownFileType = text.plist.xml; path = Info.plist; sourceTree = "<group>"; };
/* End PBXFileReference section */

/* Begin PBXFrameworksBuildPhase section */
		74F38D301BD232A000B27000 /* Frameworks */ = {
			isa = PBXFrameworksBuildPhase;
			buildActionMask = 2147483647;
			files = (
			);
			runOnlyForDeploymentPostprocessing = 0;
		};
		74F38D441BD232A100B27000 /* Frameworks */ = {
			isa = PBXFrameworksBuildPhase;
			buildActionMask = 2147483647;
			files = (
			);
			runOnlyForDeploymentPostprocessing = 0;
		};
		74F38D4F1BD232A100B27000 /* Frameworks */ = {
			isa = PBXFrameworksBuildPhase;
			buildActionMask = 2147483647;
			files = (
			);
			runOnlyForDeploymentPostprocessing = 0;
		};
/* End PBXFrameworksBuildPhase section */

/* Begin PBXGroup section */
		74F1F43C1BD77B10000F5BFB /* Views */ = {
			isa = PBXGroup;
			children = (
				74F1F4371BD24880000F5BFB /* Main.storyboard */,
				74F38D3F1BD232A000B27000 /* LaunchScreen.storyboard */,
			);
			name = Views;
			sourceTree = "<group>";
		};
		74F1F43D1BD77B20000F5BFB /* Controllers */ = {
			isa = PBXGroup;
			children = (
				74F1F4331BD245D4000F5BFB /* SearchFilter.swift */,
				74F38D381BD232A000B27000 /* ViewController.swift */,
				74F1F4401BD8C63E000F5BFB /* HomeController.swift */,
			);
			name = Controllers;
			sourceTree = "<group>";
		};
		74F1F43E1BD77B3D000F5BFB /* ServiceClasses */ = {
			isa = PBXGroup;
			children = (
				74F38D361BD232A000B27000 /* AppDelegate.swift */,
				74F1F43A1BD77B07000F5BFB /* ApiLayer.swift */,
			);
			name = ServiceClasses;
			sourceTree = "<group>";
		};
		74F1F43F1BD77B4E000F5BFB /* Models */ = {
			isa = PBXGroup;
			children = (
			);
			name = Models;
			sourceTree = "<group>";
		};
		74F38D2A1BD232A000B27000 = {
			isa = PBXGroup;
			children = (
				74F38D351BD232A000B27000 /* AuctionExport */,
				74F38D4A1BD232A100B27000 /* AuctionExportTests */,
				74F38D551BD232A100B27000 /* AuctionExportUITests */,
				74F38D341BD232A000B27000 /* Products */,
			);
			sourceTree = "<group>";
		};
		74F38D341BD232A000B27000 /* Products */ = {
			isa = PBXGroup;
			children = (
				74F38D331BD232A000B27000 /* AuctionExport.app */,
				74F38D471BD232A100B27000 /* AuctionExportTests.xctest */,
				74F38D521BD232A100B27000 /* AuctionExportUITests.xctest */,
			);
			name = Products;
			sourceTree = "<group>";
		};
		74F38D351BD232A000B27000 /* AuctionExport */ = {
			isa = PBXGroup;
			children = (
				74F1F43F1BD77B4E000F5BFB /* Models */,
				74F1F43E1BD77B3D000F5BFB /* ServiceClasses */,
				74F1F43D1BD77B20000F5BFB /* Controllers */,
				74F1F43C1BD77B10000F5BFB /* Views */,
				74F38D3D1BD232A000B27000 /* Assets.xcassets */,
				74F38D421BD232A000B27000 /* Info.plist */,
			);
			path = AuctionExport;
			sourceTree = "<group>";
		};
		74F38D4A1BD232A100B27000 /* AuctionExportTests */ = {
			isa = PBXGroup;
			children = (
				74F38D4B1BD232A100B27000 /* AuctionExportTests.swift */,
				74F38D4D1BD232A100B27000 /* Info.plist */,
			);
			path = AuctionExportTests;
			sourceTree = "<group>";
		};
		74F38D551BD232A100B27000 /* AuctionExportUITests */ = {
			isa = PBXGroup;
			children = (
				74F38D561BD232A100B27000 /* AuctionExportUITests.swift */,
				74F38D581BD232A100B27000 /* Info.plist */,
			);
			path = AuctionExportUITests;
			sourceTree = "<group>";
		};
/* End PBXGroup section */

/* Begin PBXNativeTarget section */
		74F38D321BD232A000B27000 /* AuctionExport */ = {
			isa = PBXNativeTarget;
			buildConfigurationList = 74F38D5B1BD232A100B27000 /* Build configuration list for PBXNativeTarget "AuctionExport" */;
			buildPhases = (
				74F38D2F1BD232A000B27000 /* Sources */,
				74F38D301BD232A000B27000 /* Frameworks */,
				74F38D311BD232A000B27000 /* Resources */,
			);
			buildRules = (
			);
			dependencies = (
			);
			name = AuctionExport;
			productName = AuctionExport;
			productReference = 74F38D331BD232A000B27000 /* AuctionExport.app */;
			productType = "com.apple.product-type.application";
		};
		74F38D461BD232A100B27000 /* AuctionExportTests */ = {
			isa = PBXNativeTarget;
			buildConfigurationList = 74F38D5E1BD232A100B27000 /* Build configuration list for PBXNativeTarget "AuctionExportTests" */;
			buildPhases = (
				74F38D431BD232A100B27000 /* Sources */,
				74F38D441BD232A100B27000 /* Frameworks */,
				74F38D451BD232A100B27000 /* Resources */,
			);
			buildRules = (
			);
			dependencies = (
				74F38D491BD232A100B27000 /* PBXTargetDependency */,
			);
			name = AuctionExportTests;
			productName = AuctionExportTests;
			productReference = 74F38D471BD232A100B27000 /* AuctionExportTests.xctest */;
			productType = "com.apple.product-type.bundle.unit-test";
		};
		74F38D511BD232A100B27000 /* AuctionExportUITests */ = {
			isa = PBXNativeTarget;
			buildConfigurationList = 74F38D611BD232A100B27000 /* Build configuration list for PBXNativeTarget "AuctionExportUITests" */;
			buildPhases = (
				74F38D4E1BD232A100B27000 /* Sources */,
				74F38D4F1BD232A100B27000 /* Frameworks */,
				74F38D501BD232A100B27000 /* Resources */,
			);
			buildRules = (
			);
			dependencies = (
				74F38D541BD232A100B27000 /* PBXTargetDependency */,
			);
			name = AuctionExportUITests;
			productName = AuctionExportUITests;
			productReference = 74F38D521BD232A100B27000 /* AuctionExportUITests.xctest */;
			productType = "com.apple.product-type.bundle.ui-testing";
		};
/* End PBXNativeTarget section */

/* Begin PBXProject section */
		74F38D2B1BD232A000B27000 /* Project object */ = {
			isa = PBXProject;
			attributes = {
				LastUpgradeCheck = 0700;
				ORGANIZATIONNAME = "Егор Сидоренко";
				TargetAttributes = {
					74F38D321BD232A000B27000 = {
						CreatedOnToolsVersion = 7.0.1;
					};
					74F38D461BD232A100B27000 = {
						CreatedOnToolsVersion = 7.0.1;
						TestTargetID = 74F38D321BD232A000B27000;
					};
					74F38D511BD232A100B27000 = {
						CreatedOnToolsVersion = 7.0.1;
						TestTargetID = 74F38D321BD232A000B27000;
					};
				};
			};
			buildConfigurationList = 74F38D2E1BD232A000B27000 /* Build configuration list for PBXProject "AuctionExport" */;
			compatibilityVersion = "Xcode 3.2";
			developmentRegion = English;
			hasScannedForEncodings = 0;
			knownRegions = (
				en,
				Base,
			);
			mainGroup = 74F38D2A1BD232A000B27000;
			productRefGroup = 74F38D341BD232A000B27000 /* Products */;
			projectDirPath = "";
			projectRoot = "";
			targets = (
				74F38D321BD232A000B27000 /* AuctionExport */,
				74F38D461BD232A100B27000 /* AuctionExportTests */,
				74F38D511BD232A100B27000 /* AuctionExportUITests */,
			);
		};
/* End PBXProject section */

/* Begin PBXResourcesBuildPhase section */
		74F38D311BD232A000B27000 /* Resources */ = {
			isa = PBXResourcesBuildPhase;
			buildActionMask = 2147483647;
			files = (
				74F1F4391BD24880000F5BFB /* Main.storyboard in Resources */,
				74F38D411BD232A000B27000 /* LaunchScreen.storyboard in Resources */,
				74F38D3E1BD232A000B27000 /* Assets.xcassets in Resources */,
			);
			runOnlyForDeploymentPostprocessing = 0;
		};
		74F38D451BD232A100B27000 /* Resources */ = {
			isa = PBXResourcesBuildPhase;
			buildActionMask = 2147483647;
			files = (
			);
			runOnlyForDeploymentPostprocessing = 0;
		};
		74F38D501BD232A100B27000 /* Resources */ = {
			isa = PBXResourcesBuildPhase;
			buildActionMask = 2147483647;
			files = (
			);
			runOnlyForDeploymentPostprocessing = 0;
		};
/* End PBXResourcesBuildPhase section */

/* Begin PBXSourcesBuildPhase section */
		74F38D2F1BD232A000B27000 /* Sources */ = {
			isa = PBXSourcesBuildPhase;
			buildActionMask = 2147483647;
			files = (
				74F1F43B1BD77B07000F5BFB /* ApiLayer.swift in Sources */,
				74F38D391BD232A000B27000 /* ViewController.swift in Sources */,
				74F1F4341BD245D4000F5BFB /* SearchFilter.swift in Sources */,
				74F38D371BD232A000B27000 /* AppDelegate.swift in Sources */,
				74F1F4411BD8C63E000F5BFB /* HomeController.swift in Sources */,
			);
			runOnlyForDeploymentPostprocessing = 0;
		};
		74F38D431BD232A100B27000 /* Sources */ = {
			isa = PBXSourcesBuildPhase;
			buildActionMask = 2147483647;
			files = (
				74F38D4C1BD232A100B27000 /* AuctionExportTests.swift in Sources */,
			);
			runOnlyForDeploymentPostprocessing = 0;
		};
		74F38D4E1BD232A100B27000 /* Sources */ = {
			isa = PBXSourcesBuildPhase;
			buildActionMask = 2147483647;
			files = (
				74F38D571BD232A100B27000 /* AuctionExportUITests.swift in Sources */,
			);
			runOnlyForDeploymentPostprocessing = 0;
		};
/* End PBXSourcesBuildPhase section */

/* Begin PBXTargetDependency section */
		74F38D491BD232A100B27000 /* PBXTargetDependency */ = {
			isa = PBXTargetDependency;
			target = 74F38D321BD232A000B27000 /* AuctionExport */;
			targetProxy = 74F38D481BD232A100B27000 /* PBXContainerItemProxy */;
		};
		74F38D541BD232A100B27000 /* PBXTargetDependency */ = {
			isa = PBXTargetDependency;
			target = 74F38D321BD232A000B27000 /* AuctionExport */;
			targetProxy = 74F38D531BD232A100B27000 /* PBXContainerItemProxy */;
		};
/* End PBXTargetDependency section */

/* Begin PBXVariantGroup section */
		74F1F4371BD24880000F5BFB /* Main.storyboard */ = {
			isa = PBXVariantGroup;
			children = (
				74F1F4381BD24880000F5BFB /* Base */,
			);
			name = Main.storyboard;
			sourceTree = "<group>";
		};
		74F38D3F1BD232A000B27000 /* LaunchScreen.storyboard */ = {
			isa = PBXVariantGroup;
			children = (
				74F38D401BD232A000B27000 /* Base */,
			);
			name = LaunchScreen.storyboard;
			sourceTree = "<group>";
		};
/* End PBXVariantGroup section */

/* Begin XCBuildConfiguration section */
		74F38D591BD232A100B27000 /* Debug */ = {
			isa = XCBuildConfiguration;
			buildSettings = {
				ALWAYS_SEARCH_USER_PATHS = NO;
				CLANG_CXX_LANGUAGE_STANDARD = "gnu++0x";
				CLANG_CXX_LIBRARY = "libc++";
				CLANG_ENABLE_MODULES = YES;
				CLANG_ENABLE_OBJC_ARC = YES;
				CLANG_WARN_BOOL_CONVERSION = YES;
				CLANG_WARN_CONSTANT_CONVERSION = YES;
				CLANG_WARN_DIRECT_OBJC_ISA_USAGE = YES_ERROR;
				CLANG_WARN_EMPTY_BODY = YES;
				CLANG_WARN_ENUM_CONVERSION = YES;
				CLANG_WARN_INT_CONVERSION = YES;
				CLANG_WARN_OBJC_ROOT_CLASS = YES_ERROR;
				CLANG_WARN_UNREACHABLE_CODE = YES;
				CLANG_WARN__DUPLICATE_METHOD_MATCH = YES;
				"CODE_SIGN_IDENTITY[sdk=iphoneos*]" = "iPhone Developer";
				COPY_PHASE_STRIP = NO;
				DEBUG_INFORMATION_FORMAT = dwarf;
				ENABLE_STRICT_OBJC_MSGSEND = YES;
				ENABLE_TESTABILITY = YES;
				GCC_C_LANGUAGE_STANDARD = gnu99;
				GCC_DYNAMIC_NO_PIC = NO;
				GCC_NO_COMMON_BLOCKS = YES;
				GCC_OPTIMIZATION_LEVEL = 0;
				GCC_PREPROCESSOR_DEFINITIONS = (
					"DEBUG=1",
					"$(inherited)",
				);
				GCC_WARN_64_TO_32_BIT_CONVERSION = YES;
				GCC_WARN_ABOUT_RETURN_TYPE = YES_ERROR;
				GCC_WARN_UNDECLARED_SELECTOR = YES;
				GCC_WARN_UNINITIALIZED_AUTOS = YES_AGGRESSIVE;
				GCC_WARN_UNUSED_FUNCTION = YES;
				GCC_WARN_UNUSED_VARIABLE = YES;
				IPHONEOS_DEPLOYMENT_TARGET = 9.0;
				MTL_ENABLE_DEBUG_INFO = YES;
				ONLY_ACTIVE_ARCH = YES;
				SDKROOT = iphoneos;
				SWIFT_OPTIMIZATION_LEVEL = "-Onone";
			};
			name = Debug;
		};
		74F38D5A1BD232A100B27000 /* Release */ = {
			isa = XCBuildConfiguration;
			buildSettings = {
				ALWAYS_SEARCH_USER_PATHS = NO;
				CLANG_CXX_LANGUAGE_STANDARD = "gnu++0x";
				CLANG_CXX_LIBRARY = "libc++";
				CLANG_ENABLE_MODULES = YES;
				CLANG_ENABLE_OBJC_ARC = YES;
				CLANG_WARN_BOOL_CONVERSION = YES;
				CLANG_WARN_CONSTANT_CONVERSION = YES;
				CLANG_WARN_DIRECT_OBJC_ISA_USAGE = YES_ERROR;
				CLANG_WARN_EMPTY_BODY = YES;
				CLANG_WARN_ENUM_CONVERSION = YES;
				CLANG_WARN_INT_CONVERSION = YES;
				CLANG_WARN_OBJC_ROOT_CLASS = YES_ERROR;
				CLANG_WARN_UNREACHABLE_CODE = YES;
				CLANG_WARN__DUPLICATE_METHOD_MATCH = YES;
				"CODE_SIGN_IDENTITY[sdk=iphoneos*]" = "iPhone Developer";
				COPY_PHASE_STRIP = NO;
				DEBUG_INFORMATION_FORMAT = "dwarf-with-dsym";
				ENABLE_NS_ASSERTIONS = NO;
				ENABLE_STRICT_OBJC_MSGSEND = YES;
				GCC_C_LANGUAGE_STANDARD = gnu99;
				GCC_NO_COMMON_BLOCKS = YES;
				GCC_WARN_64_TO_32_BIT_CONVERSION = YES;
				GCC_WARN_ABOUT_RETURN_TYPE = YES_ERROR;
				GCC_WARN_UNDECLARED_SELECTOR = YES;
				GCC_WARN_UNINITIALIZED_AUTOS = YES_AGGRESSIVE;
				GCC_WARN_UNUSED_FUNCTION = YES;
				GCC_WARN_UNUSED_VARIABLE = YES;
				IPHONEOS_DEPLOYMENT_TARGET = 9.0;
				MTL_ENABLE_DEBUG_INFO = NO;
				SDKROOT = iphoneos;
				VALIDATE_PRODUCT = YES;
			};
			name = Release;
		};
		74F38D5C1BD232A100B27000 /* Debug */ = {
			isa = XCBuildConfiguration;
			buildSettings = {
				ASSETCATALOG_COMPILER_APPICON_NAME = AppIcon;
				INFOPLIST_FILE = AuctionExport/Info.plist;
				LD_RUNPATH_SEARCH_PATHS = "$(inherited) @executable_path/Frameworks";
				PRODUCT_BUNDLE_IDENTIFIER = com.egorsydorenko.AuctionExport;
				PRODUCT_NAME = "$(TARGET_NAME)";
			};
			name = Debug;
		};
		74F38D5D1BD232A100B27000 /* Release */ = {
			isa = XCBuildConfiguration;
			buildSettings = {
				ASSETCATALOG_COMPILER_APPICON_NAME = AppIcon;
				INFOPLIST_FILE = AuctionExport/Info.plist;
				LD_RUNPATH_SEARCH_PATHS = "$(inherited) @executable_path/Frameworks";
				PRODUCT_BUNDLE_IDENTIFIER = com.egorsydorenko.AuctionExport;
				PRODUCT_NAME = "$(TARGET_NAME)";
			};
			name = Release;
		};
		74F38D5F1BD232A100B27000 /* Debug */ = {
			isa = XCBuildConfiguration;
			buildSettings = {
				BUNDLE_LOADER = "$(TEST_HOST)";
				INFOPLIST_FILE = AuctionExportTests/Info.plist;
				LD_RUNPATH_SEARCH_PATHS = "$(inherited) @executable_path/Frameworks @loader_path/Frameworks";
				PRODUCT_BUNDLE_IDENTIFIER = com.egorsydorenko.AuctionExportTests;
				PRODUCT_NAME = "$(TARGET_NAME)";
				TEST_HOST = "$(BUILT_PRODUCTS_DIR)/AuctionExport.app/AuctionExport";
			};
			name = Debug;
		};
		74F38D601BD232A100B27000 /* Release */ = {
			isa = XCBuildConfiguration;
			buildSettings = {
				BUNDLE_LOADER = "$(TEST_HOST)";
				INFOPLIST_FILE = AuctionExportTests/Info.plist;
				LD_RUNPATH_SEARCH_PATHS = "$(inherited) @executable_path/Frameworks @loader_path/Frameworks";
				PRODUCT_BUNDLE_IDENTIFIER = com.egorsydorenko.AuctionExportTests;
				PRODUCT_NAME = "$(TARGET_NAME)";
				TEST_HOST = "$(BUILT_PRODUCTS_DIR)/AuctionExport.app/AuctionExport";
			};
			name = Release;
		};
		74F38D621BD232A100B27000 /* Debug */ = {
			isa = XCBuildConfiguration;
			buildSettings = {
				INFOPLIST_FILE = AuctionExportUITests/Info.plist;
				LD_RUNPATH_SEARCH_PATHS = "$(inherited) @executable_path/Frameworks @loader_path/Frameworks";
				PRODUCT_BUNDLE_IDENTIFIER = com.egorsydorenko.AuctionExportUITests;
				PRODUCT_NAME = "$(TARGET_NAME)";
				TEST_TARGET_NAME = AuctionExport;
				USES_XCTRUNNER = YES;
			};
			name = Debug;
		};
		74F38D631BD232A100B27000 /* Release */ = {
			isa = XCBuildConfiguration;
			buildSettings = {
				INFOPLIST_FILE = AuctionExportUITests/Info.plist;
				LD_RUNPATH_SEARCH_PATHS = "$(inherited) @executable_path/Frameworks @loader_path/Frameworks";
				PRODUCT_BUNDLE_IDENTIFIER = com.egorsydorenko.AuctionExportUITests;
				PRODUCT_NAME = "$(TARGET_NAME)";
				TEST_TARGET_NAME = AuctionExport;
				USES_XCTRUNNER = YES;
			};
			name = Release;
		};
/* End XCBuildConfiguration section */

/* Begin XCConfigurationList section */
		74F38D2E1BD232A000B27000 /* Build configuration list for PBXProject "AuctionExport" */ = {
			isa = XCConfigurationList;
			buildConfigurations = (
				74F38D591BD232A100B27000 /* Debug */,
				74F38D5A1BD232A100B27000 /* Release */,
			);
			defaultConfigurationIsVisible = 0;
			defaultConfigurationName = Release;
		};
		74F38D5B1BD232A100B27000 /* Build configuration list for PBXNativeTarget "AuctionExport" */ = {
			isa = XCConfigurationList;
			buildConfigurations = (
				74F38D5C1BD232A100B27000 /* Debug */,
				74F38D5D1BD232A100B27000 /* Release */,
			);
			defaultConfigurationIsVisible = 0;
			defaultConfigurationName = Release;
		};
		74F38D5E1BD232A100B27000 /* Build configuration list for PBXNativeTarget "AuctionExportTests" */ = {
			isa = XCConfigurationList;
			buildConfigurations = (
				74F38D5F1BD232A100B27000 /* Debug */,
				74F38D601BD232A100B27000 /* Release */,
			);
			defaultConfigurationIsVisible = 0;
			defaultConfigurationName = Release;
		};
		74F38D611BD232A100B27000 /* Build configuration list for PBXNativeTarget "AuctionExportUITests" */ = {
			isa = XCConfigurationList;
			buildConfigurations = (
				74F38D621BD232A100B27000 /* Debug */,
				74F38D631BD232A100B27000 /* Release */,
			);
			defaultConfigurationIsVisible = 0;
			defaultConfigurationName = Release;
		};
/* End XCConfigurationList section */
	};
	rootObject = 74F38D2B1BD232A000B27000 /* Project object */;
}
